
Microsoft Visual Studio Solution File, Format Version 12.00
# Visual Studio Version 16
VisualStudioVersion = 16.0.32106.194
MinimumVisualStudioVersion = 10.0.40219.1
Project("{8BC9CEB8-8B4A-11D0-8D11-00A0C91BC942}") = "Builder", "Builder\Builder.vcxproj", "{D9AEDE21-843E-430D-88C5-CD78D5C7E2BF}"
EndProject
Project("{8BC9CEB8-8B4A-11D0-8D11-00A0C91BC942}") = "Stub", "Stub\Stub.vcxproj", "{FA61460B-149E-4D4A-A51E-0CEAAA4A30AE}"
EndProject
Project("{8BC9CEB8-8B4A-11D0-8D11-00A0C91BC942}") = "ProtectionKDriver", "ProtectionKDriver\ProtectionKDriver.vcxproj", "{3CFCDCE2-76ED-4A4E-86A7-450D00DC460B}"
EndProject
Global
	GlobalSection(SolutionConfigurationPlatforms) = preSolution
		Debug|ARM = Debug|ARM
		Debug|ARM64 = Debug|ARM64
		Debug|x64 = Debug|x64
		Debug|x86 = Debug|x86
		Release|ARM = Release|ARM
		Release|ARM64 = Release|ARM64
		Release|x64 = Release|x64
		Release|x86 = Release|x86
	EndGlobalSection
	GlobalSection(ProjectConfigurationPlatforms) = postSolution
		{D9AEDE21-843E-430D-88C5-CD78D5C7E2BF}.Debug|ARM.ActiveCfg = Debug|Win32
		{D9AEDE21-843E-430D-88C5-CD78D5C7E2BF}.Debug|ARM64.ActiveCfg = Debug|Win32
		{D9AEDE21-843E-430D-88C5-CD78D5C7E2BF}.Debug|x64.ActiveCfg = Debug|x64
		{D9AEDE21-843E-430D-88C5-CD78D5C7E2BF}.Debug|x64.Build.0 = Debug|x64
		{D9AEDE21-843E-430D-88C5-CD78D5C7E2BF}.Debug|x86.ActiveCfg = Debug|Win32
		{D9AEDE21-843E-430D-88C5-CD78D5C7E2BF}.Debug|x86.Build.0 = Debug|Win32
		{D9AEDE21-843E-430D-88C5-CD78D5C7E2BF}.Release|ARM.ActiveCfg = Release|Win32
		{D9AEDE21-843E-430D-88C5-CD78D5C7E2BF}.Release|ARM64.ActiveCfg = Release|Win32
		{D9AEDE21-843E-430D-88C5-CD78D5C7E2BF}.Release|x64.ActiveCfg = Release|x64
		{D9AEDE21-843E-430D-88C5-CD78D5C7E2BF}.Release|x64.Build.0 = Release|x64
		{D9AEDE21-843E-430D-88C5-CD78D5C7E2BF}.Release|x86.ActiveCfg = Release|Win32
		{D9AEDE21-843E-430D-88C5-CD78D5C7E2BF}.Release|x86.Build.0 = Release|Win32
		{FA61460B-149E-4D4A-A51E-0CEAAA4A30AE}.Debug|ARM.ActiveCfg = Debug|Win32
		{FA61460B-149E-4D4A-A51E-0CEAAA4A30AE}.Debug|ARM64.ActiveCfg = Debug|Win32
		{FA61460B-149E-4D4A-A51E-0CEAAA4A30AE}.Debug|x64.ActiveCfg = Debug|x64
		{FA61460B-149E-4D4A-A51E-0CEAAA4A30AE}.Debug|x64.Build.0 = Debug|x64
		{FA61460B-149E-4D4A-A51E-0CEAAA4A30AE}.Debug|x86.ActiveCfg = Debug|Win32
		{FA61460B-149E-4D4A-A51E-0CEAAA4A30AE}.Debug|x86.Build.0 = Debug|Win32
		{FA61460B-149E-4D4A-A51E-0CEAAA4A30AE}.Release|ARM.ActiveCfg = Release|Win32
		{FA61460B-149E-4D4A-A51E-0CEAAA4A30AE}.Release|ARM64.ActiveCfg = Release|Win32
		{FA61460B-149E-4D4A-A51E-0CEAAA4A30AE}.Release|x64.ActiveCfg = Release|x64
		{FA61460B-149E-4D4A-A51E-0CEAAA4A30AE}.Release|x64.Build.0 = Release|x64
		{FA61460B-149E-4D4A-A51E-0CEAAA4A30AE}.Release|x86.ActiveCfg = Release|Win32
		{FA61460B-149E-4D4A-A51E-0CEAAA4A30AE}.Release|x86.Build.0 = Release|Win32
		{3CFCDCE2-76ED-4A4E-86A7-450D00DC460B}.Debug|ARM.ActiveCfg = Debug|ARM
		{3CFCDCE2-76ED-4A4E-86A7-450D00DC460B}.Debug|ARM.Build.0 = Debug|ARM
		{3CFCDCE2-76ED-4A4E-86A7-450D00DC460B}.Debug|ARM.Deploy.0 = Debug|ARM
		{3CFCDCE2-76ED-4A4E-86A7-450D00DC460B}.Debug|ARM64.ActiveCfg = Debug|ARM64
		{3CFCDCE2-76ED-4A4E-86A7-450D00DC460B}.Debug|ARM64.Build.0 = Debug|ARM64
		{3CFCDCE2-76ED-4A4E-86A7-450D00DC460B}.Debug|ARM64.Deploy.0 = Debug|ARM64
		{3CFCDCE2-76ED-4A4E-86A7-450D00DC460B}.Debug|x64.ActiveCfg = Debug|x64
		{3CFCDCE2-76ED-4A4E-86A7-450D00DC460B}.Debug|x64.Build.0 = Debug|x64
		{3CFCDCE2-76ED-4A4E-86A7-450D00DC460B}.Debug|x64.Deploy.0 = Debug|x64
		{3CFCDCE2-76ED-4A4E-86A7-450D00DC460B}.Debug|x86.ActiveCfg = Debug|Win32
		{3CFCDCE2-76ED-4A4E-86A7-450D00DC460B}.Debug|x86.Build.0 = Debug|Win32
		{3CFCDCE2-76ED-4A4E-86A7-450D00DC460B}.Debug|x86.Deploy.0 = Debug|Win32
		{3CFCDCE2-76ED-4A4E-86A7-450D00DC460B}.Release|ARM.ActiveCfg = Release|ARM
		{3CFCDCE2-76ED-4A4E-86A7-450D00DC460B}.Release|ARM.Build.0 = Release|ARM
		{3CFCDCE2-76ED-4A4E-86A7-450D00DC460B}.Release|ARM.Deploy.0 = Release|ARM
		{3CFCDCE2-76ED-4A4E-86A7-450D00DC460B}.Release|ARM64.ActiveCfg = Release|ARM64
		{3CFCDCE2-76ED-4A4E-86A7-450D00DC460B}.Release|ARM64.Build.0 = Release|ARM64
		{3CFCDCE2-76ED-4A4E-86A7-450D00DC460B}.Release|ARM64.Deploy.0 = Release|ARM64
		{3CFCDCE2-76ED-4A4E-86A7-450D00DC460B}.Release|x64.ActiveCfg = Release|x64
		{3CFCDCE2-76ED-4A4E-86A7-450D00DC460B}.Release|x64.Build.0 = Release|x64
		{3CFCDCE2-76ED-4A4E-86A7-450D00DC460B}.Release|x64.Deploy.0 = Release|x64
		{3CFCDCE2-76ED-4A4E-86A7-450D00DC460B}.Release|x86.ActiveCfg = Release|Win32
		{3CFCDCE2-76ED-4A4E-86A7-450D00DC460B}.Release|x86.Build.0 = Release|Win32
		{3CFCDCE2-76ED-4A4E-86A7-450D00DC460B}.Release|x86.Deploy.0 = Release|Win32
	EndGlobalSection
	GlobalSection(SolutionProperties) = preSolution
		HideSolutionNode = FALSE
	EndGlobalSection
	GlobalSection(ExtensibilityGlobals) = postSolution
		SolutionGuid = {D4C97B75-BB69-4DED-9102-144E960D1E4D}
	EndGlobalSection
EndGlobal
